
Microsoft Visual Studio Solution File, Format Version 12.00
# Visual Studio Version 17
VisualStudioVersion = 17.8.34330.188
MinimumVisualStudioVersion = 10.0.40219.1
Project("{FAE04EC0-301F-11D3-BF4B-00C04F79EFBC}") = "CreditCardValidationApi", "CreditCardValidationApi\CreditCardValidationApi.csproj", "{4E3E1D99-E93C-4B1A-9BCD-B738F4EF5368}"
EndProject
Global
	GlobalSection(SolutionConfigurationPlatforms) = preSolution
		Debug|Any CPU = Debug|Any CPU
		Release|Any CPU = Release|Any CPU
	EndGlobalSection
	GlobalSection(ProjectConfigurationPlatforms) = postSolution
		{4E3E1D99-E93C-4B1A-9BCD-B738F4EF5368}.Debug|Any CPU.ActiveCfg = Debug|Any CPU
		{4E3E1D99-E93C-4B1A-9BCD-B738F4EF5368}.Debug|Any CPU.Build.0 = Debug|Any CPU
		{4E3E1D99-E93C-4B1A-9BCD-B738F4EF5368}.Release|Any CPU.ActiveCfg = Release|Any CPU
		{4E3E1D99-E93C-4B1A-9BCD-B738F4EF5368}.Release|Any CPU.Build.0 = Release|Any CPU
	EndGlobalSection
	GlobalSection(SolutionProperties) = preSolution
		HideSolutionNode = FALSE
	EndGlobalSection
	GlobalSection(ExtensibilityGlobals) = postSolution
		SolutionGuid = {7E65AFDA-98AF-4A9F-8DF6-7329404A360F}
	EndGlobalSection
EndGlobal
